
Microsoft Visual Studio Solution File, Format Version 12.00
# Visual Studio Version 17
VisualStudioVersion = 17.9.34714.143
MinimumVisualStudioVersion = 10.0.40219.1
Project("{FAE04EC0-301F-11D3-BF4B-00C04F79EFBC}") = "CrawfordExam.Server", "CrawfordExam.Server\CrawfordExam.Server.csproj", "{FE69B894-FE22-4C54-888F-683BE3C3F8C0}"
EndProject
Project("{54A90642-561A-4BB1-A94E-469ADEE60C69}") = "crawfordexam.client", "crawfordexam.client\crawfordexam.client.esproj", "{2DA728EA-25E5-4182-974F-DF04E91209F8}"
EndProject
Global
	GlobalSection(SolutionConfigurationPlatforms) = preSolution
		Debug|Any CPU = Debug|Any CPU
		Release|Any CPU = Release|Any CPU
	EndGlobalSection
	GlobalSection(ProjectConfigurationPlatforms) = postSolution
		{FE69B894-FE22-4C54-888F-683BE3C3F8C0}.Debug|Any CPU.ActiveCfg = Debug|Any CPU
		{FE69B894-FE22-4C54-888F-683BE3C3F8C0}.Debug|Any CPU.Build.0 = Debug|Any CPU
		{FE69B894-FE22-4C54-888F-683BE3C3F8C0}.Release|Any CPU.ActiveCfg = Release|Any CPU
		{FE69B894-FE22-4C54-888F-683BE3C3F8C0}.Release|Any CPU.Build.0 = Release|Any CPU
		{2DA728EA-25E5-4182-974F-DF04E91209F8}.Debug|Any CPU.ActiveCfg = Debug|Any CPU
		{2DA728EA-25E5-4182-974F-DF04E91209F8}.Debug|Any CPU.Build.0 = Debug|Any CPU
		{2DA728EA-25E5-4182-974F-DF04E91209F8}.Debug|Any CPU.Deploy.0 = Debug|Any CPU
		{2DA728EA-25E5-4182-974F-DF04E91209F8}.Release|Any CPU.ActiveCfg = Release|Any CPU
		{2DA728EA-25E5-4182-974F-DF04E91209F8}.Release|Any CPU.Build.0 = Release|Any CPU
		{2DA728EA-25E5-4182-974F-DF04E91209F8}.Release|Any CPU.Deploy.0 = Release|Any CPU
	EndGlobalSection
	GlobalSection(SolutionProperties) = preSolution
		HideSolutionNode = FALSE
	EndGlobalSection
	GlobalSection(ExtensibilityGlobals) = postSolution
		SolutionGuid = {8121AC5D-A97B-4265-BD9C-D7BAB24B88E2}
	EndGlobalSection
EndGlobal
