
Microsoft Visual Studio Solution File, Format Version 12.00
# Visual Studio Version 17
VisualStudioVersion = 17.9.34714.143
MinimumVisualStudioVersion = 10.0.40219.1
Project("{FAE04EC0-301F-11D3-BF4B-00C04F79EFBC}") = "CrawfordExam.Server", "CrawfordExam.Server\CrawfordExam.Server.csproj", "{FE69B894-FE22-4C54-888F-683BE3C3F8C0}"
EndProject
Project("{54A90642-561A-4BB1-A94E-469ADEE60C69}") = "crawfordexam.client", "crawfordexam.client\crawfordexam.client.esproj", "{2DA728EA-25E5-4182-974F-DF04E91209F8}"
EndProject
Project("{FAE04EC0-301F-11D3-BF4B-00C04F79EFBC}") = "CrawfordExam.Application", "..\CrawfordExam.Application\CrawfordExam.Application.csproj", "{0F02A873-80CD-4C89-9E43-120FECDE1751}"
EndProject
Project("{FAE04EC0-301F-11D3-BF4B-00C04F79EFBC}") = "CrawfordExam.Infrastructure", "..\CrawfordExam.Infrastructure\CrawfordExam.Infrastructure.csproj", "{A5CC6C29-669C-4EBA-9AEC-BF8A74937F25}"
EndProject
Project("{FAE04EC0-301F-11D3-BF4B-00C04F79EFBC}") = "CrawfordExam.Domain", "..\CrawfordExam.Domain\CrawfordExam.Domain.csproj", "{76ECABD6-F4C7-45B1-A852-884281A8C109}"
EndProject
Global
	GlobalSection(SolutionConfigurationPlatforms) = preSolution
		Debug|Any CPU = Debug|Any CPU
		Release|Any CPU = Release|Any CPU
	EndGlobalSection
	GlobalSection(ProjectConfigurationPlatforms) = postSolution
		{FE69B894-FE22-4C54-888F-683BE3C3F8C0}.Debug|Any CPU.ActiveCfg = Debug|Any CPU
		{FE69B894-FE22-4C54-888F-683BE3C3F8C0}.Debug|Any CPU.Build.0 = Debug|Any CPU
		{FE69B894-FE22-4C54-888F-683BE3C3F8C0}.Release|Any CPU.ActiveCfg = Release|Any CPU
		{FE69B894-FE22-4C54-888F-683BE3C3F8C0}.Release|Any CPU.Build.0 = Release|Any CPU
		{2DA728EA-25E5-4182-974F-DF04E91209F8}.Debug|Any CPU.ActiveCfg = Debug|Any CPU
		{2DA728EA-25E5-4182-974F-DF04E91209F8}.Debug|Any CPU.Build.0 = Debug|Any CPU
		{2DA728EA-25E5-4182-974F-DF04E91209F8}.Debug|Any CPU.Deploy.0 = Debug|Any CPU
		{2DA728EA-25E5-4182-974F-DF04E91209F8}.Release|Any CPU.ActiveCfg = Release|Any CPU
		{2DA728EA-25E5-4182-974F-DF04E91209F8}.Release|Any CPU.Build.0 = Release|Any CPU
		{2DA728EA-25E5-4182-974F-DF04E91209F8}.Release|Any CPU.Deploy.0 = Release|Any CPU
		{0F02A873-80CD-4C89-9E43-120FECDE1751}.Debug|Any CPU.ActiveCfg = Debug|Any CPU
		{0F02A873-80CD-4C89-9E43-120FECDE1751}.Debug|Any CPU.Build.0 = Debug|Any CPU
		{0F02A873-80CD-4C89-9E43-120FECDE1751}.Release|Any CPU.ActiveCfg = Release|Any CPU
		{0F02A873-80CD-4C89-9E43-120FECDE1751}.Release|Any CPU.Build.0 = Release|Any CPU
		{A5CC6C29-669C-4EBA-9AEC-BF8A74937F25}.Debug|Any CPU.ActiveCfg = Debug|Any CPU
		{A5CC6C29-669C-4EBA-9AEC-BF8A74937F25}.Debug|Any CPU.Build.0 = Debug|Any CPU
		{A5CC6C29-669C-4EBA-9AEC-BF8A74937F25}.Release|Any CPU.ActiveCfg = Release|Any CPU
		{A5CC6C29-669C-4EBA-9AEC-BF8A74937F25}.Release|Any CPU.Build.0 = Release|Any CPU
		{76ECABD6-F4C7-45B1-A852-884281A8C109}.Debug|Any CPU.ActiveCfg = Debug|Any CPU
		{76ECABD6-F4C7-45B1-A852-884281A8C109}.Debug|Any CPU.Build.0 = Debug|Any CPU
		{76ECABD6-F4C7-45B1-A852-884281A8C109}.Release|Any CPU.ActiveCfg = Release|Any CPU
		{76ECABD6-F4C7-45B1-A852-884281A8C109}.Release|Any CPU.Build.0 = Release|Any CPU
	EndGlobalSection
	GlobalSection(SolutionProperties) = preSolution
		HideSolutionNode = FALSE
	EndGlobalSection
	GlobalSection(ExtensibilityGlobals) = postSolution
		SolutionGuid = {8121AC5D-A97B-4265-BD9C-D7BAB24B88E2}
	EndGlobalSection
EndGlobal
